// !$*UTF8*$!
{
	archiveVersion = 1;
	classes = {
	};
	objectVersion = 55;
	objects = {

/* Begin PBXBuildFile section */
		3F3A4C7F28062C1C001EDF93 /* AppDelegate.swift in Sources */ = {isa = PBXBuildFile; fileRef = 3F3A4C7E28062C1C001EDF93 /* AppDelegate.swift */; };
		3F3A4C8128062C1C001EDF93 /* SceneDelegate.swift in Sources */ = {isa = PBXBuildFile; fileRef = 3F3A4C8028062C1C001EDF93 /* SceneDelegate.swift */; };
		3F3A4C8328062C1C001EDF93 /* GrocerySectionsViewController.swift in Sources */ = {isa = PBXBuildFile; fileRef = 3F3A4C8228062C1C001EDF93 /* GrocerySectionsViewController.swift */; };
		3F3A4C8628062C1C001EDF93 /* Main.storyboard in Resources */ = {isa = PBXBuildFile; fileRef = 3F3A4C8428062C1C001EDF93 /* Main.storyboard */; };
		3F3A4C8828062C1E001EDF93 /* Assets.xcassets in Resources */ = {isa = PBXBuildFile; fileRef = 3F3A4C8728062C1E001EDF93 /* Assets.xcassets */; };
		3F3A4C8B28062C1E001EDF93 /* LaunchScreen.storyboard in Resources */ = {isa = PBXBuildFile; fileRef = 3F3A4C8928062C1E001EDF93 /* LaunchScreen.storyboard */; };
		3F3A4C9628062C1F001EDF93 /* Agiru_GroceryAppTests.swift in Sources */ = {isa = PBXBuildFile; fileRef = 3F3A4C9528062C1F001EDF93 /* Agiru_GroceryAppTests.swift */; };
		3F3A4CA028062C1F001EDF93 /* Agiru_GroceryAppUITests.swift in Sources */ = {isa = PBXBuildFile; fileRef = 3F3A4C9F28062C1F001EDF93 /* Agiru_GroceryAppUITests.swift */; };
		3F3A4CA228062C1F001EDF93 /* Agiru_GroceryAppUITestsLaunchTests.swift in Sources */ = {isa = PBXBuildFile; fileRef = 3F3A4CA128062C1F001EDF93 /* Agiru_GroceryAppUITestsLaunchTests.swift */; };
		3F3A4CAF28062C8F001EDF93 /* GroceryItemsViewController.swift in Sources */ = {isa = PBXBuildFile; fileRef = 3F3A4CAE28062C8F001EDF93 /* GroceryItemsViewController.swift */; };
		3F3A4CB128062CA5001EDF93 /* ItemInfoViewController.swift in Sources */ = {isa = PBXBuildFile; fileRef = 3F3A4CB028062CA5001EDF93 /* ItemInfoViewController.swift */; };
		3F3A4CB328062CBC001EDF93 /* GrocerySection.swift in Sources */ = {isa = PBXBuildFile; fileRef = 3F3A4CB228062CBC001EDF93 /* GrocerySection.swift */; };
/* End PBXBuildFile section */

/* Begin PBXContainerItemProxy section */
		3F3A4C9228062C1F001EDF93 /* PBXContainerItemProxy */ = {
			isa = PBXContainerItemProxy;
			containerPortal = 3F3A4C7328062C1C001EDF93 /* Project object */;
			proxyType = 1;
			remoteGlobalIDString = 3F3A4C7A28062C1C001EDF93;
			remoteInfo = Agiru_GroceryApp;
		};
		3F3A4C9C28062C1F001EDF93 /* PBXContainerItemProxy */ = {
			isa = PBXContainerItemProxy;
			containerPortal = 3F3A4C7328062C1C001EDF93 /* Project object */;
			proxyType = 1;
			remoteGlobalIDString = 3F3A4C7A28062C1C001EDF93;
			remoteInfo = Agiru_GroceryApp;
		};
/* End PBXContainerItemProxy section */

/* Begin PBXFileReference section */
		3F3A4C7B28062C1C001EDF93 /* Agiru_GroceryApp.app */ = {isa = PBXFileReference; explicitFileType = wrapper.application; includeInIndex = 0; path = Agiru_GroceryApp.app; sourceTree = BUILT_PRODUCTS_DIR; };
		3F3A4C7E28062C1C001EDF93 /* AppDelegate.swift */ = {isa = PBXFileReference; lastKnownFileType = sourcecode.swift; path = AppDelegate.swift; sourceTree = "<group>"; };
		3F3A4C8028062C1C001EDF93 /* SceneDelegate.swift */ = {isa = PBXFileReference; lastKnownFileType = sourcecode.swift; path = SceneDelegate.swift; sourceTree = "<group>"; };
		3F3A4C8228062C1C001EDF93 /* GrocerySectionsViewController.swift */ = {isa = PBXFileReference; lastKnownFileType = sourcecode.swift; path = GrocerySectionsViewController.swift; sourceTree = "<group>"; };
		3F3A4C8528062C1C001EDF93 /* Base */ = {isa = PBXFileReference; lastKnownFileType = file.storyboard; name = Base; path = Base.lproj/Main.storyboard; sourceTree = "<group>"; };
		3F3A4C8728062C1E001EDF93 /* Assets.xcassets */ = {isa = PBXFileReference; lastKnownFileType = folder.assetcatalog; path = Assets.xcassets; sourceTree = "<group>"; };
		3F3A4C8A28062C1E001EDF93 /* Base */ = {isa = PBXFileReference; lastKnownFileType = file.storyboard; name = Base; path = Base.lproj/LaunchScreen.storyboard; sourceTree = "<group>"; };
		3F3A4C8C28062C1E001EDF93 /* Info.plist */ = {isa = PBXFileReference; lastKnownFileType = text.plist.xml; path = Info.plist; sourceTree = "<group>"; };
		3F3A4C9128062C1F001EDF93 /* Agiru_GroceryAppTests.xctest */ = {isa = PBXFileReference; explicitFileType = wrapper.cfbundle; includeInIndex = 0; path = Agiru_GroceryAppTests.xctest; sourceTree = BUILT_PRODUCTS_DIR; };
		3F3A4C9528062C1F001EDF93 /* Agiru_GroceryAppTests.swift */ = {isa = PBXFileReference; lastKnownFileType = sourcecode.swift; path = Agiru_GroceryAppTests.swift; sourceTree = "<group>"; };
		3F3A4C9B28062C1F001EDF93 /* Agiru_GroceryAppUITests.xctest */ = {isa = PBXFileReference; explicitFileType = wrapper.cfbundle; includeInIndex = 0; path = Agiru_GroceryAppUITests.xctest; sourceTree = BUILT_PRODUCTS_DIR; };
		3F3A4C9F28062C1F001EDF93 /* Agiru_GroceryAppUITests.swift */ = {isa = PBXFileReference; lastKnownFileType = sourcecode.swift; path = Agiru_GroceryAppUITests.swift; sourceTree = "<group>"; };
		3F3A4CA128062C1F001EDF93 /* Agiru_GroceryAppUITestsLaunchTests.swift */ = {isa = PBXFileReference; lastKnownFileType = sourcecode.swift; path = Agiru_GroceryAppUITestsLaunchTests.swift; sourceTree = "<group>"; };
		3F3A4CAE28062C8F001EDF93 /* GroceryItemsViewController.swift */ = {isa = PBXFileReference; lastKnownFileType = sourcecode.swift; path = GroceryItemsViewController.swift; sourceTree = "<group>"; };
		3F3A4CB028062CA5001EDF93 /* ItemInfoViewController.swift */ = {isa = PBXFileReference; lastKnownFileType = sourcecode.swift; path = ItemInfoViewController.swift; sourceTree = "<group>"; };
		3F3A4CB228062CBC001EDF93 /* GrocerySection.swift */ = {isa = PBXFileReference; lastKnownFileType = sourcecode.swift; path = GrocerySection.swift; sourceTree = "<group>"; };
/* End PBXFileReference section */

/* Begin PBXFrameworksBuildPhase section */
		3F3A4C7828062C1C001EDF93 /* Frameworks */ = {
			isa = PBXFrameworksBuildPhase;
			buildActionMask = 2147483647;
			files = (
			);
			runOnlyForDeploymentPostprocessing = 0;
		};
		3F3A4C8E28062C1F001EDF93 /* Frameworks */ = {
			isa = PBXFrameworksBuildPhase;
			buildActionMask = 2147483647;
			files = (
			);
			runOnlyForDeploymentPostprocessing = 0;
		};
		3F3A4C9828062C1F001EDF93 /* Frameworks */ = {
			isa = PBXFrameworksBuildPhase;
			buildActionMask = 2147483647;
			files = (
			);
			runOnlyForDeploymentPostprocessing = 0;
		};
/* End PBXFrameworksBuildPhase section */

/* Begin PBXGroup section */
		3F3A4C7228062C1C001EDF93 = {
			isa = PBXGroup;
			children = (
				3F3A4C7D28062C1C001EDF93 /* Agiru_GroceryApp */,
				3F3A4C9428062C1F001EDF93 /* Agiru_GroceryAppTests */,
				3F3A4C9E28062C1F001EDF93 /* Agiru_GroceryAppUITests */,
				3F3A4C7C28062C1C001EDF93 /* Products */,
			);
			sourceTree = "<group>";
		};
		3F3A4C7C28062C1C001EDF93 /* Products */ = {
			isa = PBXGroup;
			children = (
				3F3A4C7B28062C1C001EDF93 /* Agiru_GroceryApp.app */,
				3F3A4C9128062C1F001EDF93 /* Agiru_GroceryAppTests.xctest */,
				3F3A4C9B28062C1F001EDF93 /* Agiru_GroceryAppUITests.xctest */,
			);
			name = Products;
			sourceTree = "<group>";
		};
		3F3A4C7D28062C1C001EDF93 /* Agiru_GroceryApp */ = {
			isa = PBXGroup;
			children = (
				3F3A4C7E28062C1C001EDF93 /* AppDelegate.swift */,
				3F3A4C8028062C1C001EDF93 /* SceneDelegate.swift */,
				3F3A4C8228062C1C001EDF93 /* GrocerySectionsViewController.swift */,
				3F3A4C8428062C1C001EDF93 /* Main.storyboard */,
				3F3A4C8728062C1E001EDF93 /* Assets.xcassets */,
				3F3A4C8928062C1E001EDF93 /* LaunchScreen.storyboard */,
				3F3A4C8C28062C1E001EDF93 /* Info.plist */,
				3F3A4CAE28062C8F001EDF93 /* GroceryItemsViewController.swift */,
				3F3A4CB028062CA5001EDF93 /* ItemInfoViewController.swift */,
				3F3A4CB228062CBC001EDF93 /* GrocerySection.swift */,
			);
			path = Agiru_GroceryApp;
			sourceTree = "<group>";
		};
		3F3A4C9428062C1F001EDF93 /* Agiru_GroceryAppTests */ = {
			isa = PBXGroup;
			children = (
				3F3A4C9528062C1F001EDF93 /* Agiru_GroceryAppTests.swift */,
			);
			path = Agiru_GroceryAppTests;
			sourceTree = "<group>";
		};
		3F3A4C9E28062C1F001EDF93 /* Agiru_GroceryAppUITests */ = {
			isa = PBXGroup;
			children = (
				3F3A4C9F28062C1F001EDF93 /* Agiru_GroceryAppUITests.swift */,
				3F3A4CA128062C1F001EDF93 /* Agiru_GroceryAppUITestsLaunchTests.swift */,
			);
			path = Agiru_GroceryAppUITests;
			sourceTree = "<group>";
		};
/* End PBXGroup section */

/* Begin PBXNativeTarget section */
		3F3A4C7A28062C1C001EDF93 /* Agiru_GroceryApp */ = {
			isa = PBXNativeTarget;
			buildConfigurationList = 3F3A4CA528062C1F001EDF93 /* Build configuration list for PBXNativeTarget "Agiru_GroceryApp" */;
			buildPhases = (
				3F3A4C7728062C1C001EDF93 /* Sources */,
				3F3A4C7828062C1C001EDF93 /* Frameworks */,
				3F3A4C7928062C1C001EDF93 /* Resources */,
			);
			buildRules = (
			);
			dependencies = (
			);
			name = Agiru_GroceryApp;
			productName = Agiru_GroceryApp;
			productReference = 3F3A4C7B28062C1C001EDF93 /* Agiru_GroceryApp.app */;
			productType = "com.apple.product-type.application";
		};
		3F3A4C9028062C1F001EDF93 /* Agiru_GroceryAppTests */ = {
			isa = PBXNativeTarget;
			buildConfigurationList = 3F3A4CA828062C1F001EDF93 /* Build configuration list for PBXNativeTarget "Agiru_GroceryAppTests" */;
			buildPhases = (
				3F3A4C8D28062C1F001EDF93 /* Sources */,
				3F3A4C8E28062C1F001EDF93 /* Frameworks */,
				3F3A4C8F28062C1F001EDF93 /* Resources */,
			);
			buildRules = (
			);
			dependencies = (
				3F3A4C9328062C1F001EDF93 /* PBXTargetDependency */,
			);
			name = Agiru_GroceryAppTests;
			productName = Agiru_GroceryAppTests;
			productReference = 3F3A4C9128062C1F001EDF93 /* Agiru_GroceryAppTests.xctest */;
			productType = "com.apple.product-type.bundle.unit-test";
		};
		3F3A4C9A28062C1F001EDF93 /* Agiru_GroceryAppUITests */ = {
			isa = PBXNativeTarget;
			buildConfigurationList = 3F3A4CAB28062C1F001EDF93 /* Build configuration list for PBXNativeTarget "Agiru_GroceryAppUITests" */;
			buildPhases = (
				3F3A4C9728062C1F001EDF93 /* Sources */,
				3F3A4C9828062C1F001EDF93 /* Frameworks */,
				3F3A4C9928062C1F001EDF93 /* Resources */,
			);
			buildRules = (
			);
			dependencies = (
				3F3A4C9D28062C1F001EDF93 /* PBXTargetDependency */,
			);
			name = Agiru_GroceryAppUITests;
			productName = Agiru_GroceryAppUITests;
			productReference = 3F3A4C9B28062C1F001EDF93 /* Agiru_GroceryAppUITests.xctest */;
			productType = "com.apple.product-type.bundle.ui-testing";
		};
/* End PBXNativeTarget section */

/* Begin PBXProject section */
		3F3A4C7328062C1C001EDF93 /* Project object */ = {
			isa = PBXProject;
			attributes = {
				BuildIndependentTargetsInParallel = 1;
				LastSwiftUpdateCheck = 1320;
				LastUpgradeCheck = 1320;
				TargetAttributes = {
					3F3A4C7A28062C1C001EDF93 = {
						CreatedOnToolsVersion = 13.2.1;
					};
					3F3A4C9028062C1F001EDF93 = {
						CreatedOnToolsVersion = 13.2.1;
						TestTargetID = 3F3A4C7A28062C1C001EDF93;
					};
					3F3A4C9A28062C1F001EDF93 = {
						CreatedOnToolsVersion = 13.2.1;
						TestTargetID = 3F3A4C7A28062C1C001EDF93;
					};
				};
			};
			buildConfigurationList = 3F3A4C7628062C1C001EDF93 /* Build configuration list for PBXProject "Agiru_GroceryApp" */;
			compatibilityVersion = "Xcode 13.0";
			developmentRegion = en;
			hasScannedForEncodings = 0;
			knownRegions = (
				en,
				Base,
			);
			mainGroup = 3F3A4C7228062C1C001EDF93;
			productRefGroup = 3F3A4C7C28062C1C001EDF93 /* Products */;
			projectDirPath = "";
			projectRoot = "";
			targets = (
				3F3A4C7A28062C1C001EDF93 /* Agiru_GroceryApp */,
				3F3A4C9028062C1F001EDF93 /* Agiru_GroceryAppTests */,
				3F3A4C9A28062C1F001EDF93 /* Agiru_GroceryAppUITests */,
			);
		};
/* End PBXProject section */

/* Begin PBXResourcesBuildPhase section */
		3F3A4C7928062C1C001EDF93 /* Resources */ = {
			isa = PBXResourcesBuildPhase;
			buildActionMask = 2147483647;
			files = (
				3F3A4C8B28062C1E001EDF93 /* LaunchScreen.storyboard in Resources */,
				3F3A4C8828062C1E001EDF93 /* Assets.xcassets in Resources */,
				3F3A4C8628062C1C001EDF93 /* Main.storyboard in Resources */,
			);
			runOnlyForDeploymentPostprocessing = 0;
		};
		3F3A4C8F28062C1F001EDF93 /* Resources */ = {
			isa = PBXResourcesBuildPhase;
			buildActionMask = 2147483647;
			files = (
			);
			runOnlyForDeploymentPostprocessing = 0;
		};
		3F3A4C9928062C1F001EDF93 /* Resources */ = {
			isa = PBXResourcesBuildPhase;
			buildActionMask = 2147483647;
			files = (
			);
			runOnlyForDeploymentPostprocessing = 0;
		};
/* End PBXResourcesBuildPhase section */

/* Begin PBXSourcesBuildPhase section */
		3F3A4C7728062C1C001EDF93 /* Sources */ = {
			isa = PBXSourcesBuildPhase;
			buildActionMask = 2147483647;
			files = (
				3F3A4C8328062C1C001EDF93 /* GrocerySectionsViewController.swift in Sources */,
				3F3A4C7F28062C1C001EDF93 /* AppDelegate.swift in Sources */,
				3F3A4CAF28062C8F001EDF93 /* GroceryItemsViewController.swift in Sources */,
				3F3A4CB328062CBC001EDF93 /* GrocerySection.swift in Sources */,
				3F3A4CB128062CA5001EDF93 /* ItemInfoViewController.swift in Sources */,
				3F3A4C8128062C1C001EDF93 /* SceneDelegate.swift in Sources */,
			);
			runOnlyForDeploymentPostprocessing = 0;
		};
		3F3A4C8D28062C1F001EDF93 /* Sources */ = {
			isa = PBXSourcesBuildPhase;
			buildActionMask = 2147483647;
			files = (
				3F3A4C9628062C1F001EDF93 /* Agiru_GroceryAppTests.swift in Sources */,
			);
			runOnlyForDeploymentPostprocessing = 0;
		};
		3F3A4C9728062C1F001EDF93 /* Sources */ = {
			isa = PBXSourcesBuildPhase;
			buildActionMask = 2147483647;
			files = (
				3F3A4CA028062C1F001EDF93 /* Agiru_GroceryAppUITests.swift in Sources */,
				3F3A4CA228062C1F001EDF93 /* Agiru_GroceryAppUITestsLaunchTests.swift in Sources */,
			);
			runOnlyForDeploymentPostprocessing = 0;
		};
/* End PBXSourcesBuildPhase section */

/* Begin PBXTargetDependency section */
		3F3A4C9328062C1F001EDF93 /* PBXTargetDependency */ = {
			isa = PBXTargetDependency;
			target = 3F3A4C7A28062C1C001EDF93 /* Agiru_GroceryApp */;
			targetProxy = 3F3A4C9228062C1F001EDF93 /* PBXContainerItemProxy */;
		};
		3F3A4C9D28062C1F001EDF93 /* PBXTargetDependency */ = {
			isa = PBXTargetDependency;
			target = 3F3A4C7A28062C1C001EDF93 /* Agiru_GroceryApp */;
			targetProxy = 3F3A4C9C28062C1F001EDF93 /* PBXContainerItemProxy */;
		};
/* End PBXTargetDependency section */

/* Begin PBXVariantGroup section */
		3F3A4C8428062C1C001EDF93 /* Main.storyboard */ = {
			isa = PBXVariantGroup;
			children = (
				3F3A4C8528062C1C001EDF93 /* Base */,
			);
			name = Main.storyboard;
			sourceTree = "<group>";
		};
		3F3A4C8928062C1E001EDF93 /* LaunchScreen.storyboard */ = {
			isa = PBXVariantGroup;
			children = (
				3F3A4C8A28062C1E001EDF93 /* Base */,
			);
			name = LaunchScreen.storyboard;
			sourceTree = "<group>";
		};
/* End PBXVariantGroup section */

/* Begin XCBuildConfiguration section */
		3F3A4CA328062C1F001EDF93 /* Debug */ = {
			isa = XCBuildConfiguration;
			buildSettings = {
				ALWAYS_SEARCH_USER_PATHS = NO;
				CLANG_ANALYZER_NONNULL = YES;
				CLANG_ANALYZER_NUMBER_OBJECT_CONVERSION = YES_AGGRESSIVE;
				CLANG_CXX_LANGUAGE_STANDARD = "gnu++17";
				CLANG_CXX_LIBRARY = "libc++";
				CLANG_ENABLE_MODULES = YES;
				CLANG_ENABLE_OBJC_ARC = YES;
				CLANG_ENABLE_OBJC_WEAK = YES;
				CLANG_WARN_BLOCK_CAPTURE_AUTORELEASING = YES;
				CLANG_WARN_BOOL_CONVERSION = YES;
				CLANG_WARN_COMMA = YES;
				CLANG_WARN_CONSTANT_CONVERSION = YES;
				CLANG_WARN_DEPRECATED_OBJC_IMPLEMENTATIONS = YES;
				CLANG_WARN_DIRECT_OBJC_ISA_USAGE = YES_ERROR;
				CLANG_WARN_DOCUMENTATION_COMMENTS = YES;
				CLANG_WARN_EMPTY_BODY = YES;
				CLANG_WARN_ENUM_CONVERSION = YES;
				CLANG_WARN_INFINITE_RECURSION = YES;
				CLANG_WARN_INT_CONVERSION = YES;
				CLANG_WARN_NON_LITERAL_NULL_CONVERSION = YES;
				CLANG_WARN_OBJC_IMPLICIT_RETAIN_SELF = YES;
				CLANG_WARN_OBJC_LITERAL_CONVERSION = YES;
				CLANG_WARN_OBJC_ROOT_CLASS = YES_ERROR;
				CLANG_WARN_QUOTED_INCLUDE_IN_FRAMEWORK_HEADER = YES;
				CLANG_WARN_RANGE_LOOP_ANALYSIS = YES;
				CLANG_WARN_STRICT_PROTOTYPES = YES;
				CLANG_WARN_SUSPICIOUS_MOVE = YES;
				CLANG_WARN_UNGUARDED_AVAILABILITY = YES_AGGRESSIVE;
				CLANG_WARN_UNREACHABLE_CODE = YES;
				CLANG_WARN__DUPLICATE_METHOD_MATCH = YES;
				COPY_PHASE_STRIP = NO;
				DEBUG_INFORMATION_FORMAT = dwarf;
				ENABLE_STRICT_OBJC_MSGSEND = YES;
				ENABLE_TESTABILITY = YES;
				GCC_C_LANGUAGE_STANDARD = gnu11;
				GCC_DYNAMIC_NO_PIC = NO;
				GCC_NO_COMMON_BLOCKS = YES;
				GCC_OPTIMIZATION_LEVEL = 0;
				GCC_PREPROCESSOR_DEFINITIONS = (
					"DEBUG=1",
					"$(inherited)",
				);
				GCC_WARN_64_TO_32_BIT_CONVERSION = YES;
				GCC_WARN_ABOUT_RETURN_TYPE = YES_ERROR;
				GCC_WARN_UNDECLARED_SELECTOR = YES;
				GCC_WARN_UNINITIALIZED_AUTOS = YES_AGGRESSIVE;
				GCC_WARN_UNUSED_FUNCTION = YES;
				GCC_WARN_UNUSED_VARIABLE = YES;
				IPHONEOS_DEPLOYMENT_TARGET = 15.2;
				MTL_ENABLE_DEBUG_INFO = INCLUDE_SOURCE;
				MTL_FAST_MATH = YES;
				ONLY_ACTIVE_ARCH = YES;
				SDKROOT = iphoneos;
				SWIFT_ACTIVE_COMPILATION_CONDITIONS = DEBUG;
				SWIFT_OPTIMIZATION_LEVEL = "-Onone";
			};
			name = Debug;
		};
		3F3A4CA428062C1F001EDF93 /* Release */ = {
			isa = XCBuildConfiguration;
			buildSettings = {
				ALWAYS_SEARCH_USER_PATHS = NO;
				CLANG_ANALYZER_NONNULL = YES;
				CLANG_ANALYZER_NUMBER_OBJECT_CONVERSION = YES_AGGRESSIVE;
				CLANG_CXX_LANGUAGE_STANDARD = "gnu++17";
				CLANG_CXX_LIBRARY = "libc++";
				CLANG_ENABLE_MODULES = YES;
				CLANG_ENABLE_OBJC_ARC = YES;
				CLANG_ENABLE_OBJC_WEAK = YES;
				CLANG_WARN_BLOCK_CAPTURE_AUTORELEASING = YES;
				CLANG_WARN_BOOL_CONVERSION = YES;
				CLANG_WARN_COMMA = YES;
				CLANG_WARN_CONSTANT_CONVERSION = YES;
				CLANG_WARN_DEPRECATED_OBJC_IMPLEMENTATIONS = YES;
				CLANG_WARN_DIRECT_OBJC_ISA_USAGE = YES_ERROR;
				CLANG_WARN_DOCUMENTATION_COMMENTS = YES;
				CLANG_WARN_EMPTY_BODY = YES;
				CLANG_WARN_ENUM_CONVERSION = YES;
				CLANG_WARN_INFINITE_RECURSION = YES;
				CLANG_WARN_INT_CONVERSION = YES;
				CLANG_WARN_NON_LITERAL_NULL_CONVERSION = YES;
				CLANG_WARN_OBJC_IMPLICIT_RETAIN_SELF = YES;
				CLANG_WARN_OBJC_LITERAL_CONVERSION = YES;
				CLANG_WARN_OBJC_ROOT_CLASS = YES_ERROR;
				CLANG_WARN_QUOTED_INCLUDE_IN_FRAMEWORK_HEADER = YES;
				CLANG_WARN_RANGE_LOOP_ANALYSIS = YES;
				CLANG_WARN_STRICT_PROTOTYPES = YES;
				CLANG_WARN_SUSPICIOUS_MOVE = YES;
				CLANG_WARN_UNGUARDED_AVAILABILITY = YES_AGGRESSIVE;
				CLANG_WARN_UNREACHABLE_CODE = YES;
				CLANG_WARN__DUPLICATE_METHOD_MATCH = YES;
				COPY_PHASE_STRIP = NO;
				DEBUG_INFORMATION_FORMAT = "dwarf-with-dsym";
				ENABLE_NS_ASSERTIONS = NO;
				ENABLE_STRICT_OBJC_MSGSEND = YES;
				GCC_C_LANGUAGE_STANDARD = gnu11;
				GCC_NO_COMMON_BLOCKS = YES;
				GCC_WARN_64_TO_32_BIT_CONVERSION = YES;
				GCC_WARN_ABOUT_RETURN_TYPE = YES_ERROR;
				GCC_WARN_UNDECLARED_SELECTOR = YES;
				GCC_WARN_UNINITIALIZED_AUTOS = YES_AGGRESSIVE;
				GCC_WARN_UNUSED_FUNCTION = YES;
				GCC_WARN_UNUSED_VARIABLE = YES;
				IPHONEOS_DEPLOYMENT_TARGET = 15.2;
				MTL_ENABLE_DEBUG_INFO = NO;
				MTL_FAST_MATH = YES;
				SDKROOT = iphoneos;
				SWIFT_COMPILATION_MODE = wholemodule;
				SWIFT_OPTIMIZATION_LEVEL = "-O";
				VALIDATE_PRODUCT = YES;
			};
			name = Release;
		};
		3F3A4CA628062C1F001EDF93 /* Debug */ = {
			isa = XCBuildConfiguration;
			buildSettings = {
				ASSETCATALOG_COMPILER_APPICON_NAME = AppIcon;
				ASSETCATALOG_COMPILER_GLOBAL_ACCENT_COLOR_NAME = AccentColor;
				CODE_SIGN_STYLE = Automatic;
				CURRENT_PROJECT_VERSION = 1;
				GENERATE_INFOPLIST_FILE = YES;
				INFOPLIST_FILE = Agiru_GroceryApp/Info.plist;
				INFOPLIST_KEY_CFBundleDisplayName = Agiru_GroceryApp;
				INFOPLIST_KEY_UIApplicationSupportsIndirectInputEvents = YES;
				INFOPLIST_KEY_UILaunchStoryboardName = LaunchScreen;
				INFOPLIST_KEY_UIMainStoryboardFile = Main;
				INFOPLIST_KEY_UISupportedInterfaceOrientations_iPad = "UIInterfaceOrientationPortrait UIInterfaceOrientationPortraitUpsideDown UIInterfaceOrientationLandscapeLeft UIInterfaceOrientationLandscapeRight";
				INFOPLIST_KEY_UISupportedInterfaceOrientations_iPhone = "UIInterfaceOrientationPortrait UIInterfaceOrientationLandscapeLeft UIInterfaceOrientationLandscapeRight";
				LD_RUNPATH_SEARCH_PATHS = (
					"$(inherited)",
					"@executable_path/Frameworks",
				);
				MARKETING_VERSION = 1.0;
				PRODUCT_BUNDLE_IDENTIFIER = "nwmsu.Agiru-GroceryApp";
				PRODUCT_NAME = "$(TARGET_NAME)";
				SWIFT_EMIT_LOC_STRINGS = YES;
				SWIFT_VERSION = 5.0;
				TARGETED_DEVICE_FAMILY = "1,2";
			};
			name = Debug;
		};
		3F3A4CA728062C1F001EDF93 /* Release */ = {
			isa = XCBuildConfiguration;
			buildSettings = {
				ASSETCATALOG_COMPILER_APPICON_NAME = AppIcon;
				ASSETCATALOG_COMPILER_GLOBAL_ACCENT_COLOR_NAME = AccentColor;
				CODE_SIGN_STYLE = Automatic;
				CURRENT_PROJECT_VERSION = 1;
				GENERATE_INFOPLIST_FILE = YES;
				INFOPLIST_FILE = Agiru_GroceryApp/Info.plist;
				INFOPLIST_KEY_CFBundleDisplayName = Agiru_GroceryApp;
				INFOPLIST_KEY_UIApplicationSupportsIndirectInputEvents = YES;
				INFOPLIST_KEY_UILaunchStoryboardName = LaunchScreen;
				INFOPLIST_KEY_UIMainStoryboardFile = Main;
				INFOPLIST_KEY_UISupportedInterfaceOrientations_iPad = "UIInterfaceOrientationPortrait UIInterfaceOrientationPortraitUpsideDown UIInterfaceOrientationLandscapeLeft UIInterfaceOrientationLandscapeRight";
				INFOPLIST_KEY_UISupportedInterfaceOrientations_iPhone = "UIInterfaceOrientationPortrait UIInterfaceOrientationLandscapeLeft UIInterfaceOrientationLandscapeRight";
				LD_RUNPATH_SEARCH_PATHS = (
					"$(inherited)",
					"@executable_path/Frameworks",
				);
				MARKETING_VERSION = 1.0;
				PRODUCT_BUNDLE_IDENTIFIER = "nwmsu.Agiru-GroceryApp";
				PRODUCT_NAME = "$(TARGET_NAME)";
				SWIFT_EMIT_LOC_STRINGS = YES;
				SWIFT_VERSION = 5.0;
				TARGETED_DEVICE_FAMILY = "1,2";
			};
			name = Release;
		};
		3F3A4CA928062C1F001EDF93 /* Debug */ = {
			isa = XCBuildConfiguration;
			buildSettings = {
				ALWAYS_EMBED_SWIFT_STANDARD_LIBRARIES = YES;
				BUNDLE_LOADER = "$(TEST_HOST)";
				CODE_SIGN_STYLE = Automatic;
				CURRENT_PROJECT_VERSION = 1;
				GENERATE_INFOPLIST_FILE = YES;
				IPHONEOS_DEPLOYMENT_TARGET = 15.2;
				MARKETING_VERSION = 1.0;
				PRODUCT_BUNDLE_IDENTIFIER = "nwmsu.Agiru-GroceryAppTests";
				PRODUCT_NAME = "$(TARGET_NAME)";
				SWIFT_EMIT_LOC_STRINGS = NO;
				SWIFT_VERSION = 5.0;
				TARGETED_DEVICE_FAMILY = "1,2";
				TEST_HOST = "$(BUILT_PRODUCTS_DIR)/Agiru_GroceryApp.app/Agiru_GroceryApp";
			};
			name = Debug;
		};
		3F3A4CAA28062C1F001EDF93 /* Release */ = {
			isa = XCBuildConfiguration;
			buildSettings = {
				ALWAYS_EMBED_SWIFT_STANDARD_LIBRARIES = YES;
				BUNDLE_LOADER = "$(TEST_HOST)";
				CODE_SIGN_STYLE = Automatic;
				CURRENT_PROJECT_VERSION = 1;
				GENERATE_INFOPLIST_FILE = YES;
				IPHONEOS_DEPLOYMENT_TARGET = 15.2;
				MARKETING_VERSION = 1.0;
				PRODUCT_BUNDLE_IDENTIFIER = "nwmsu.Agiru-GroceryAppTests";
				PRODUCT_NAME = "$(TARGET_NAME)";
				SWIFT_EMIT_LOC_STRINGS = NO;
				SWIFT_VERSION = 5.0;
				TARGETED_DEVICE_FAMILY = "1,2";
				TEST_HOST = "$(BUILT_PRODUCTS_DIR)/Agiru_GroceryApp.app/Agiru_GroceryApp";
			};
			name = Release;
		};
		3F3A4CAC28062C1F001EDF93 /* Debug */ = {
			isa = XCBuildConfiguration;
			buildSettings = {
				ALWAYS_EMBED_SWIFT_STANDARD_LIBRARIES = YES;
				CODE_SIGN_STYLE = Automatic;
				CURRENT_PROJECT_VERSION = 1;
				GENERATE_INFOPLIST_FILE = YES;
				MARKETING_VERSION = 1.0;
				PRODUCT_BUNDLE_IDENTIFIER = "nwmsu.Agiru-GroceryAppUITests";
				PRODUCT_NAME = "$(TARGET_NAME)";
				SWIFT_EMIT_LOC_STRINGS = NO;
				SWIFT_VERSION = 5.0;
				TARGETED_DEVICE_FAMILY = "1,2";
				TEST_TARGET_NAME = Agiru_GroceryApp;
			};
			name = Debug;
		};
		3F3A4CAD28062C1F001EDF93 /* Release */ = {
			isa = XCBuildConfiguration;
			buildSettings = {
				ALWAYS_EMBED_SWIFT_STANDARD_LIBRARIES = YES;
				CODE_SIGN_STYLE = Automatic;
				CURRENT_PROJECT_VERSION = 1;
				GENERATE_INFOPLIST_FILE = YES;
				MARKETING_VERSION = 1.0;
				PRODUCT_BUNDLE_IDENTIFIER = "nwmsu.Agiru-GroceryAppUITests";
				PRODUCT_NAME = "$(TARGET_NAME)";
				SWIFT_EMIT_LOC_STRINGS = NO;
				SWIFT_VERSION = 5.0;
				TARGETED_DEVICE_FAMILY = "1,2";
				TEST_TARGET_NAME = Agiru_GroceryApp;
			};
			name = Release;
		};
/* End XCBuildConfiguration section */

/* Begin XCConfigurationList section */
		3F3A4C7628062C1C001EDF93 /* Build configuration list for PBXProject "Agiru_GroceryApp" */ = {
			isa = XCConfigurationList;
			buildConfigurations = (
				3F3A4CA328062C1F001EDF93 /* Debug */,
				3F3A4CA428062C1F001EDF93 /* Release */,
			);
			defaultConfigurationIsVisible = 0;
			defaultConfigurationName = Release;
		};
		3F3A4CA528062C1F001EDF93 /* Build configuration list for PBXNativeTarget "Agiru_GroceryApp" */ = {
			isa = XCConfigurationList;
			buildConfigurations = (
				3F3A4CA628062C1F001EDF93 /* Debug */,
				3F3A4CA728062C1F001EDF93 /* Release */,
			);
			defaultConfigurationIsVisible = 0;
			defaultConfigurationName = Release;
		};
		3F3A4CA828062C1F001EDF93 /* Build configuration list for PBXNativeTarget "Agiru_GroceryAppTests" */ = {
			isa = XCConfigurationList;
			buildConfigurations = (
				3F3A4CA928062C1F001EDF93 /* Debug */,
				3F3A4CAA28062C1F001EDF93 /* Release */,
			);
			defaultConfigurationIsVisible = 0;
			defaultConfigurationName = Release;
		};
		3F3A4CAB28062C1F001EDF93 /* Build configuration list for PBXNativeTarget "Agiru_GroceryAppUITests" */ = {
			isa = XCConfigurationList;
			buildConfigurations = (
				3F3A4CAC28062C1F001EDF93 /* Debug */,
				3F3A4CAD28062C1F001EDF93 /* Release */,
			);
			defaultConfigurationIsVisible = 0;
			defaultConfigurationName = Release;
		};
/* End XCConfigurationList section */
	};
	rootObject = 3F3A4C7328062C1C001EDF93 /* Project object */;
}
