// !$*UTF8*$!
{
	archiveVersion = 1;
	classes = {
	};
	objectVersion = 55;
	objects = {

/* Begin PBXBuildFile section */
		6DD69E3627CE8D5000E42925 /* AppDelegate.swift in Sources */ = {isa = PBXBuildFile; fileRef = 6DD69E3527CE8D5000E42925 /* AppDelegate.swift */; };
		6DD69E3827CE8D5000E42925 /* SceneDelegate.swift in Sources */ = {isa = PBXBuildFile; fileRef = 6DD69E3727CE8D5000E42925 /* SceneDelegate.swift */; };
		6DD69E3A27CE8D5000E42925 /* ViewController.swift in Sources */ = {isa = PBXBuildFile; fileRef = 6DD69E3927CE8D5000E42925 /* ViewController.swift */; };
		6DD69E3D27CE8D5000E42925 /* Main.storyboard in Resources */ = {isa = PBXBuildFile; fileRef = 6DD69E3B27CE8D5000E42925 /* Main.storyboard */; };
		6DD69E3F27CE8D5100E42925 /* Assets.xcassets in Resources */ = {isa = PBXBuildFile; fileRef = 6DD69E3E27CE8D5100E42925 /* Assets.xcassets */; };
		6DD69E4227CE8D5100E42925 /* LaunchScreen.storyboard in Resources */ = {isa = PBXBuildFile; fileRef = 6DD69E4027CE8D5100E42925 /* LaunchScreen.storyboard */; };
		6DD69E4D27CE8D5100E42925 /* CordinateSystemTests.swift in Sources */ = {isa = PBXBuildFile; fileRef = 6DD69E4C27CE8D5100E42925 /* CordinateSystemTests.swift */; };
		6DD69E5727CE8D5100E42925 /* CordinateSystemUITests.swift in Sources */ = {isa = PBXBuildFile; fileRef = 6DD69E5627CE8D5100E42925 /* CordinateSystemUITests.swift */; };
		6DD69E5927CE8D5100E42925 /* CordinateSystemUITestsLaunchTests.swift in Sources */ = {isa = PBXBuildFile; fileRef = 6DD69E5827CE8D5100E42925 /* CordinateSystemUITestsLaunchTests.swift */; };
/* End PBXBuildFile section */

/* Begin PBXContainerItemProxy section */
		6DD69E4927CE8D5100E42925 /* PBXContainerItemProxy */ = {
			isa = PBXContainerItemProxy;
			containerPortal = 6DD69E2A27CE8D5000E42925 /* Project object */;
			proxyType = 1;
			remoteGlobalIDString = 6DD69E3127CE8D5000E42925;
			remoteInfo = CordinateSystem;
		};
		6DD69E5327CE8D5100E42925 /* PBXContainerItemProxy */ = {
			isa = PBXContainerItemProxy;
			containerPortal = 6DD69E2A27CE8D5000E42925 /* Project object */;
			proxyType = 1;
			remoteGlobalIDString = 6DD69E3127CE8D5000E42925;
			remoteInfo = CordinateSystem;
		};
/* End PBXContainerItemProxy section */

/* Begin PBXFileReference section */
		6DD69E3227CE8D5000E42925 /* CordinateSystem.app */ = {isa = PBXFileReference; explicitFileType = wrapper.application; includeInIndex = 0; path = CordinateSystem.app; sourceTree = BUILT_PRODUCTS_DIR; };
		6DD69E3527CE8D5000E42925 /* AppDelegate.swift */ = {isa = PBXFileReference; lastKnownFileType = sourcecode.swift; path = AppDelegate.swift; sourceTree = "<group>"; };
		6DD69E3727CE8D5000E42925 /* SceneDelegate.swift */ = {isa = PBXFileReference; lastKnownFileType = sourcecode.swift; path = SceneDelegate.swift; sourceTree = "<group>"; };
		6DD69E3927CE8D5000E42925 /* ViewController.swift */ = {isa = PBXFileReference; lastKnownFileType = sourcecode.swift; path = ViewController.swift; sourceTree = "<group>"; };
		6DD69E3C27CE8D5000E42925 /* Base */ = {isa = PBXFileReference; lastKnownFileType = file.storyboard; name = Base; path = Base.lproj/Main.storyboard; sourceTree = "<group>"; };
		6DD69E3E27CE8D5100E42925 /* Assets.xcassets */ = {isa = PBXFileReference; lastKnownFileType = folder.assetcatalog; path = Assets.xcassets; sourceTree = "<group>"; };
		6DD69E4127CE8D5100E42925 /* Base */ = {isa = PBXFileReference; lastKnownFileType = file.storyboard; name = Base; path = Base.lproj/LaunchScreen.storyboard; sourceTree = "<group>"; };
		6DD69E4327CE8D5100E42925 /* Info.plist */ = {isa = PBXFileReference; lastKnownFileType = text.plist.xml; path = Info.plist; sourceTree = "<group>"; };
		6DD69E4827CE8D5100E42925 /* CordinateSystemTests.xctest */ = {isa = PBXFileReference; explicitFileType = wrapper.cfbundle; includeInIndex = 0; path = CordinateSystemTests.xctest; sourceTree = BUILT_PRODUCTS_DIR; };
		6DD69E4C27CE8D5100E42925 /* CordinateSystemTests.swift */ = {isa = PBXFileReference; lastKnownFileType = sourcecode.swift; path = CordinateSystemTests.swift; sourceTree = "<group>"; };
		6DD69E5227CE8D5100E42925 /* CordinateSystemUITests.xctest */ = {isa = PBXFileReference; explicitFileType = wrapper.cfbundle; includeInIndex = 0; path = CordinateSystemUITests.xctest; sourceTree = BUILT_PRODUCTS_DIR; };
		6DD69E5627CE8D5100E42925 /* CordinateSystemUITests.swift */ = {isa = PBXFileReference; lastKnownFileType = sourcecode.swift; path = CordinateSystemUITests.swift; sourceTree = "<group>"; };
		6DD69E5827CE8D5100E42925 /* CordinateSystemUITestsLaunchTests.swift */ = {isa = PBXFileReference; lastKnownFileType = sourcecode.swift; path = CordinateSystemUITestsLaunchTests.swift; sourceTree = "<group>"; };
/* End PBXFileReference section */

/* Begin PBXFrameworksBuildPhase section */
		6DD69E2F27CE8D5000E42925 /* Frameworks */ = {
			isa = PBXFrameworksBuildPhase;
			buildActionMask = 2147483647;
			files = (
			);
			runOnlyForDeploymentPostprocessing = 0;
		};
		6DD69E4527CE8D5100E42925 /* Frameworks */ = {
			isa = PBXFrameworksBuildPhase;
			buildActionMask = 2147483647;
			files = (
			);
			runOnlyForDeploymentPostprocessing = 0;
		};
		6DD69E4F27CE8D5100E42925 /* Frameworks */ = {
			isa = PBXFrameworksBuildPhase;
			buildActionMask = 2147483647;
			files = (
			);
			runOnlyForDeploymentPostprocessing = 0;
		};
/* End PBXFrameworksBuildPhase section */

/* Begin PBXGroup section */
		6DD69E2927CE8D5000E42925 = {
			isa = PBXGroup;
			children = (
				6DD69E3427CE8D5000E42925 /* CordinateSystem */,
				6DD69E4B27CE8D5100E42925 /* CordinateSystemTests */,
				6DD69E5527CE8D5100E42925 /* CordinateSystemUITests */,
				6DD69E3327CE8D5000E42925 /* Products */,
			);
			sourceTree = "<group>";
		};
		6DD69E3327CE8D5000E42925 /* Products */ = {
			isa = PBXGroup;
			children = (
				6DD69E3227CE8D5000E42925 /* CordinateSystem.app */,
				6DD69E4827CE8D5100E42925 /* CordinateSystemTests.xctest */,
				6DD69E5227CE8D5100E42925 /* CordinateSystemUITests.xctest */,
			);
			name = Products;
			sourceTree = "<group>";
		};
		6DD69E3427CE8D5000E42925 /* CordinateSystem */ = {
			isa = PBXGroup;
			children = (
				6DD69E3527CE8D5000E42925 /* AppDelegate.swift */,
				6DD69E3727CE8D5000E42925 /* SceneDelegate.swift */,
				6DD69E3927CE8D5000E42925 /* ViewController.swift */,
				6DD69E3B27CE8D5000E42925 /* Main.storyboard */,
				6DD69E3E27CE8D5100E42925 /* Assets.xcassets */,
				6DD69E4027CE8D5100E42925 /* LaunchScreen.storyboard */,
				6DD69E4327CE8D5100E42925 /* Info.plist */,
			);
			path = CordinateSystem;
			sourceTree = "<group>";
		};
		6DD69E4B27CE8D5100E42925 /* CordinateSystemTests */ = {
			isa = PBXGroup;
			children = (
				6DD69E4C27CE8D5100E42925 /* CordinateSystemTests.swift */,
			);
			path = CordinateSystemTests;
			sourceTree = "<group>";
		};
		6DD69E5527CE8D5100E42925 /* CordinateSystemUITests */ = {
			isa = PBXGroup;
			children = (
				6DD69E5627CE8D5100E42925 /* CordinateSystemUITests.swift */,
				6DD69E5827CE8D5100E42925 /* CordinateSystemUITestsLaunchTests.swift */,
			);
			path = CordinateSystemUITests;
			sourceTree = "<group>";
		};
/* End PBXGroup section */

/* Begin PBXNativeTarget section */
		6DD69E3127CE8D5000E42925 /* CordinateSystem */ = {
			isa = PBXNativeTarget;
			buildConfigurationList = 6DD69E5C27CE8D5100E42925 /* Build configuration list for PBXNativeTarget "CordinateSystem" */;
			buildPhases = (
				6DD69E2E27CE8D5000E42925 /* Sources */,
				6DD69E2F27CE8D5000E42925 /* Frameworks */,
				6DD69E3027CE8D5000E42925 /* Resources */,
			);
			buildRules = (
			);
			dependencies = (
			);
			name = CordinateSystem;
			productName = CordinateSystem;
			productReference = 6DD69E3227CE8D5000E42925 /* CordinateSystem.app */;
			productType = "com.apple.product-type.application";
		};
		6DD69E4727CE8D5100E42925 /* CordinateSystemTests */ = {
			isa = PBXNativeTarget;
			buildConfigurationList = 6DD69E5F27CE8D5100E42925 /* Build configuration list for PBXNativeTarget "CordinateSystemTests" */;
			buildPhases = (
				6DD69E4427CE8D5100E42925 /* Sources */,
				6DD69E4527CE8D5100E42925 /* Frameworks */,
				6DD69E4627CE8D5100E42925 /* Resources */,
			);
			buildRules = (
			);
			dependencies = (
				6DD69E4A27CE8D5100E42925 /* PBXTargetDependency */,
			);
			name = CordinateSystemTests;
			productName = CordinateSystemTests;
			productReference = 6DD69E4827CE8D5100E42925 /* CordinateSystemTests.xctest */;
			productType = "com.apple.product-type.bundle.unit-test";
		};
		6DD69E5127CE8D5100E42925 /* CordinateSystemUITests */ = {
			isa = PBXNativeTarget;
			buildConfigurationList = 6DD69E6227CE8D5100E42925 /* Build configuration list for PBXNativeTarget "CordinateSystemUITests" */;
			buildPhases = (
				6DD69E4E27CE8D5100E42925 /* Sources */,
				6DD69E4F27CE8D5100E42925 /* Frameworks */,
				6DD69E5027CE8D5100E42925 /* Resources */,
			);
			buildRules = (
			);
			dependencies = (
				6DD69E5427CE8D5100E42925 /* PBXTargetDependency */,
			);
			name = CordinateSystemUITests;
			productName = CordinateSystemUITests;
			productReference = 6DD69E5227CE8D5100E42925 /* CordinateSystemUITests.xctest */;
			productType = "com.apple.product-type.bundle.ui-testing";
		};
/* End PBXNativeTarget section */

/* Begin PBXProject section */
		6DD69E2A27CE8D5000E42925 /* Project object */ = {
			isa = PBXProject;
			attributes = {
				BuildIndependentTargetsInParallel = 1;
				LastSwiftUpdateCheck = 1320;
				LastUpgradeCheck = 1320;
				TargetAttributes = {
					6DD69E3127CE8D5000E42925 = {
						CreatedOnToolsVersion = 13.2.1;
					};
					6DD69E4727CE8D5100E42925 = {
						CreatedOnToolsVersion = 13.2.1;
						TestTargetID = 6DD69E3127CE8D5000E42925;
					};
					6DD69E5127CE8D5100E42925 = {
						CreatedOnToolsVersion = 13.2.1;
						TestTargetID = 6DD69E3127CE8D5000E42925;
					};
				};
			};
			buildConfigurationList = 6DD69E2D27CE8D5000E42925 /* Build configuration list for PBXProject "CordinateSystem" */;
			compatibilityVersion = "Xcode 13.0";
			developmentRegion = en;
			hasScannedForEncodings = 0;
			knownRegions = (
				en,
				Base,
			);
			mainGroup = 6DD69E2927CE8D5000E42925;
			productRefGroup = 6DD69E3327CE8D5000E42925 /* Products */;
			projectDirPath = "";
			projectRoot = "";
			targets = (
				6DD69E3127CE8D5000E42925 /* CordinateSystem */,
				6DD69E4727CE8D5100E42925 /* CordinateSystemTests */,
				6DD69E5127CE8D5100E42925 /* CordinateSystemUITests */,
			);
		};
/* End PBXProject section */

/* Begin PBXResourcesBuildPhase section */
		6DD69E3027CE8D5000E42925 /* Resources */ = {
			isa = PBXResourcesBuildPhase;
			buildActionMask = 2147483647;
			files = (
				6DD69E4227CE8D5100E42925 /* LaunchScreen.storyboard in Resources */,
				6DD69E3F27CE8D5100E42925 /* Assets.xcassets in Resources */,
				6DD69E3D27CE8D5000E42925 /* Main.storyboard in Resources */,
			);
			runOnlyForDeploymentPostprocessing = 0;
		};
		6DD69E4627CE8D5100E42925 /* Resources */ = {
			isa = PBXResourcesBuildPhase;
			buildActionMask = 2147483647;
			files = (
			);
			runOnlyForDeploymentPostprocessing = 0;
		};
		6DD69E5027CE8D5100E42925 /* Resources */ = {
			isa = PBXResourcesBuildPhase;
			buildActionMask = 2147483647;
			files = (
			);
			runOnlyForDeploymentPostprocessing = 0;
		};
/* End PBXResourcesBuildPhase section */

/* Begin PBXSourcesBuildPhase section */
		6DD69E2E27CE8D5000E42925 /* Sources */ = {
			isa = PBXSourcesBuildPhase;
			buildActionMask = 2147483647;
			files = (
				6DD69E3A27CE8D5000E42925 /* ViewController.swift in Sources */,
				6DD69E3627CE8D5000E42925 /* AppDelegate.swift in Sources */,
				6DD69E3827CE8D5000E42925 /* SceneDelegate.swift in Sources */,
			);
			runOnlyForDeploymentPostprocessing = 0;
		};
		6DD69E4427CE8D5100E42925 /* Sources */ = {
			isa = PBXSourcesBuildPhase;
			buildActionMask = 2147483647;
			files = (
				6DD69E4D27CE8D5100E42925 /* CordinateSystemTests.swift in Sources */,
			);
			runOnlyForDeploymentPostprocessing = 0;
		};
		6DD69E4E27CE8D5100E42925 /* Sources */ = {
			isa = PBXSourcesBuildPhase;
			buildActionMask = 2147483647;
			files = (
				6DD69E5727CE8D5100E42925 /* CordinateSystemUITests.swift in Sources */,
				6DD69E5927CE8D5100E42925 /* CordinateSystemUITestsLaunchTests.swift in Sources */,
			);
			runOnlyForDeploymentPostprocessing = 0;
		};
/* End PBXSourcesBuildPhase section */

/* Begin PBXTargetDependency section */
		6DD69E4A27CE8D5100E42925 /* PBXTargetDependency */ = {
			isa = PBXTargetDependency;
			target = 6DD69E3127CE8D5000E42925 /* CordinateSystem */;
			targetProxy = 6DD69E4927CE8D5100E42925 /* PBXContainerItemProxy */;
		};
		6DD69E5427CE8D5100E42925 /* PBXTargetDependency */ = {
			isa = PBXTargetDependency;
			target = 6DD69E3127CE8D5000E42925 /* CordinateSystem */;
			targetProxy = 6DD69E5327CE8D5100E42925 /* PBXContainerItemProxy */;
		};
/* End PBXTargetDependency section */

/* Begin PBXVariantGroup section */
		6DD69E3B27CE8D5000E42925 /* Main.storyboard */ = {
			isa = PBXVariantGroup;
			children = (
				6DD69E3C27CE8D5000E42925 /* Base */,
			);
			name = Main.storyboard;
			sourceTree = "<group>";
		};
		6DD69E4027CE8D5100E42925 /* LaunchScreen.storyboard */ = {
			isa = PBXVariantGroup;
			children = (
				6DD69E4127CE8D5100E42925 /* Base */,
			);
			name = LaunchScreen.storyboard;
			sourceTree = "<group>";
		};
/* End PBXVariantGroup section */

/* Begin XCBuildConfiguration section */
		6DD69E5A27CE8D5100E42925 /* Debug */ = {
			isa = XCBuildConfiguration;
			buildSettings = {
				ALWAYS_SEARCH_USER_PATHS = NO;
				CLANG_ANALYZER_NONNULL = YES;
				CLANG_ANALYZER_NUMBER_OBJECT_CONVERSION = YES_AGGRESSIVE;
				CLANG_CXX_LANGUAGE_STANDARD = "gnu++17";
				CLANG_CXX_LIBRARY = "libc++";
				CLANG_ENABLE_MODULES = YES;
				CLANG_ENABLE_OBJC_ARC = YES;
				CLANG_ENABLE_OBJC_WEAK = YES;
				CLANG_WARN_BLOCK_CAPTURE_AUTORELEASING = YES;
				CLANG_WARN_BOOL_CONVERSION = YES;
				CLANG_WARN_COMMA = YES;
				CLANG_WARN_CONSTANT_CONVERSION = YES;
				CLANG_WARN_DEPRECATED_OBJC_IMPLEMENTATIONS = YES;
				CLANG_WARN_DIRECT_OBJC_ISA_USAGE = YES_ERROR;
				CLANG_WARN_DOCUMENTATION_COMMENTS = YES;
				CLANG_WARN_EMPTY_BODY = YES;
				CLANG_WARN_ENUM_CONVERSION = YES;
				CLANG_WARN_INFINITE_RECURSION = YES;
				CLANG_WARN_INT_CONVERSION = YES;
				CLANG_WARN_NON_LITERAL_NULL_CONVERSION = YES;
				CLANG_WARN_OBJC_IMPLICIT_RETAIN_SELF = YES;
				CLANG_WARN_OBJC_LITERAL_CONVERSION = YES;
				CLANG_WARN_OBJC_ROOT_CLASS = YES_ERROR;
				CLANG_WARN_QUOTED_INCLUDE_IN_FRAMEWORK_HEADER = YES;
				CLANG_WARN_RANGE_LOOP_ANALYSIS = YES;
				CLANG_WARN_STRICT_PROTOTYPES = YES;
				CLANG_WARN_SUSPICIOUS_MOVE = YES;
				CLANG_WARN_UNGUARDED_AVAILABILITY = YES_AGGRESSIVE;
				CLANG_WARN_UNREACHABLE_CODE = YES;
				CLANG_WARN__DUPLICATE_METHOD_MATCH = YES;
				COPY_PHASE_STRIP = NO;
				DEBUG_INFORMATION_FORMAT = dwarf;
				ENABLE_STRICT_OBJC_MSGSEND = YES;
				ENABLE_TESTABILITY = YES;
				GCC_C_LANGUAGE_STANDARD = gnu11;
				GCC_DYNAMIC_NO_PIC = NO;
				GCC_NO_COMMON_BLOCKS = YES;
				GCC_OPTIMIZATION_LEVEL = 0;
				GCC_PREPROCESSOR_DEFINITIONS = (
					"DEBUG=1",
					"$(inherited)",
				);
				GCC_WARN_64_TO_32_BIT_CONVERSION = YES;
				GCC_WARN_ABOUT_RETURN_TYPE = YES_ERROR;
				GCC_WARN_UNDECLARED_SELECTOR = YES;
				GCC_WARN_UNINITIALIZED_AUTOS = YES_AGGRESSIVE;
				GCC_WARN_UNUSED_FUNCTION = YES;
				GCC_WARN_UNUSED_VARIABLE = YES;
				IPHONEOS_DEPLOYMENT_TARGET = 15.2;
				MTL_ENABLE_DEBUG_INFO = INCLUDE_SOURCE;
				MTL_FAST_MATH = YES;
				ONLY_ACTIVE_ARCH = YES;
				SDKROOT = iphoneos;
				SWIFT_ACTIVE_COMPILATION_CONDITIONS = DEBUG;
				SWIFT_OPTIMIZATION_LEVEL = "-Onone";
			};
			name = Debug;
		};
		6DD69E5B27CE8D5100E42925 /* Release */ = {
			isa = XCBuildConfiguration;
			buildSettings = {
				ALWAYS_SEARCH_USER_PATHS = NO;
				CLANG_ANALYZER_NONNULL = YES;
				CLANG_ANALYZER_NUMBER_OBJECT_CONVERSION = YES_AGGRESSIVE;
				CLANG_CXX_LANGUAGE_STANDARD = "gnu++17";
				CLANG_CXX_LIBRARY = "libc++";
				CLANG_ENABLE_MODULES = YES;
				CLANG_ENABLE_OBJC_ARC = YES;
				CLANG_ENABLE_OBJC_WEAK = YES;
				CLANG_WARN_BLOCK_CAPTURE_AUTORELEASING = YES;
				CLANG_WARN_BOOL_CONVERSION = YES;
				CLANG_WARN_COMMA = YES;
				CLANG_WARN_CONSTANT_CONVERSION = YES;
				CLANG_WARN_DEPRECATED_OBJC_IMPLEMENTATIONS = YES;
				CLANG_WARN_DIRECT_OBJC_ISA_USAGE = YES_ERROR;
				CLANG_WARN_DOCUMENTATION_COMMENTS = YES;
				CLANG_WARN_EMPTY_BODY = YES;
				CLANG_WARN_ENUM_CONVERSION = YES;
				CLANG_WARN_INFINITE_RECURSION = YES;
				CLANG_WARN_INT_CONVERSION = YES;
				CLANG_WARN_NON_LITERAL_NULL_CONVERSION = YES;
				CLANG_WARN_OBJC_IMPLICIT_RETAIN_SELF = YES;
				CLANG_WARN_OBJC_LITERAL_CONVERSION = YES;
				CLANG_WARN_OBJC_ROOT_CLASS = YES_ERROR;
				CLANG_WARN_QUOTED_INCLUDE_IN_FRAMEWORK_HEADER = YES;
				CLANG_WARN_RANGE_LOOP_ANALYSIS = YES;
				CLANG_WARN_STRICT_PROTOTYPES = YES;
				CLANG_WARN_SUSPICIOUS_MOVE = YES;
				CLANG_WARN_UNGUARDED_AVAILABILITY = YES_AGGRESSIVE;
				CLANG_WARN_UNREACHABLE_CODE = YES;
				CLANG_WARN__DUPLICATE_METHOD_MATCH = YES;
				COPY_PHASE_STRIP = NO;
				DEBUG_INFORMATION_FORMAT = "dwarf-with-dsym";
				ENABLE_NS_ASSERTIONS = NO;
				ENABLE_STRICT_OBJC_MSGSEND = YES;
				GCC_C_LANGUAGE_STANDARD = gnu11;
				GCC_NO_COMMON_BLOCKS = YES;
				GCC_WARN_64_TO_32_BIT_CONVERSION = YES;
				GCC_WARN_ABOUT_RETURN_TYPE = YES_ERROR;
				GCC_WARN_UNDECLARED_SELECTOR = YES;
				GCC_WARN_UNINITIALIZED_AUTOS = YES_AGGRESSIVE;
				GCC_WARN_UNUSED_FUNCTION = YES;
				GCC_WARN_UNUSED_VARIABLE = YES;
				IPHONEOS_DEPLOYMENT_TARGET = 15.2;
				MTL_ENABLE_DEBUG_INFO = NO;
				MTL_FAST_MATH = YES;
				SDKROOT = iphoneos;
				SWIFT_COMPILATION_MODE = wholemodule;
				SWIFT_OPTIMIZATION_LEVEL = "-O";
				VALIDATE_PRODUCT = YES;
			};
			name = Release;
		};
		6DD69E5D27CE8D5100E42925 /* Debug */ = {
			isa = XCBuildConfiguration;
			buildSettings = {
				ASSETCATALOG_COMPILER_APPICON_NAME = AppIcon;
				ASSETCATALOG_COMPILER_GLOBAL_ACCENT_COLOR_NAME = AccentColor;
				CODE_SIGN_STYLE = Automatic;
				CURRENT_PROJECT_VERSION = 1;
				GENERATE_INFOPLIST_FILE = YES;
				INFOPLIST_FILE = CordinateSystem/Info.plist;
				INFOPLIST_KEY_CFBundleDisplayName = CordinateSystem;
				INFOPLIST_KEY_UIApplicationSupportsIndirectInputEvents = YES;
				INFOPLIST_KEY_UILaunchStoryboardName = LaunchScreen;
				INFOPLIST_KEY_UIMainStoryboardFile = Main;
				INFOPLIST_KEY_UISupportedInterfaceOrientations_iPad = "UIInterfaceOrientationPortrait UIInterfaceOrientationPortraitUpsideDown UIInterfaceOrientationLandscapeLeft UIInterfaceOrientationLandscapeRight";
				INFOPLIST_KEY_UISupportedInterfaceOrientations_iPhone = "UIInterfaceOrientationPortrait UIInterfaceOrientationLandscapeLeft UIInterfaceOrientationLandscapeRight";
				LD_RUNPATH_SEARCH_PATHS = (
					"$(inherited)",
					"@executable_path/Frameworks",
				);
				MARKETING_VERSION = 1.0;
				PRODUCT_BUNDLE_IDENTIFIER = nwmsu.CordinateSystem;
				PRODUCT_NAME = "$(TARGET_NAME)";
				SWIFT_EMIT_LOC_STRINGS = YES;
				SWIFT_VERSION = 5.0;
				TARGETED_DEVICE_FAMILY = "1,2";
			};
			name = Debug;
		};
		6DD69E5E27CE8D5100E42925 /* Release */ = {
			isa = XCBuildConfiguration;
			buildSettings = {
				ASSETCATALOG_COMPILER_APPICON_NAME = AppIcon;
				ASSETCATALOG_COMPILER_GLOBAL_ACCENT_COLOR_NAME = AccentColor;
				CODE_SIGN_STYLE = Automatic;
				CURRENT_PROJECT_VERSION = 1;
				GENERATE_INFOPLIST_FILE = YES;
				INFOPLIST_FILE = CordinateSystem/Info.plist;
				INFOPLIST_KEY_CFBundleDisplayName = CordinateSystem;
				INFOPLIST_KEY_UIApplicationSupportsIndirectInputEvents = YES;
				INFOPLIST_KEY_UILaunchStoryboardName = LaunchScreen;
				INFOPLIST_KEY_UIMainStoryboardFile = Main;
				INFOPLIST_KEY_UISupportedInterfaceOrientations_iPad = "UIInterfaceOrientationPortrait UIInterfaceOrientationPortraitUpsideDown UIInterfaceOrientationLandscapeLeft UIInterfaceOrientationLandscapeRight";
				INFOPLIST_KEY_UISupportedInterfaceOrientations_iPhone = "UIInterfaceOrientationPortrait UIInterfaceOrientationLandscapeLeft UIInterfaceOrientationLandscapeRight";
				LD_RUNPATH_SEARCH_PATHS = (
					"$(inherited)",
					"@executable_path/Frameworks",
				);
				MARKETING_VERSION = 1.0;
				PRODUCT_BUNDLE_IDENTIFIER = nwmsu.CordinateSystem;
				PRODUCT_NAME = "$(TARGET_NAME)";
				SWIFT_EMIT_LOC_STRINGS = YES;
				SWIFT_VERSION = 5.0;
				TARGETED_DEVICE_FAMILY = "1,2";
			};
			name = Release;
		};
		6DD69E6027CE8D5100E42925 /* Debug */ = {
			isa = XCBuildConfiguration;
			buildSettings = {
				ALWAYS_EMBED_SWIFT_STANDARD_LIBRARIES = YES;
				BUNDLE_LOADER = "$(TEST_HOST)";
				CODE_SIGN_STYLE = Automatic;
				CURRENT_PROJECT_VERSION = 1;
				GENERATE_INFOPLIST_FILE = YES;
				IPHONEOS_DEPLOYMENT_TARGET = 15.2;
				MARKETING_VERSION = 1.0;
				PRODUCT_BUNDLE_IDENTIFIER = nwmsu.CordinateSystemTests;
				PRODUCT_NAME = "$(TARGET_NAME)";
				SWIFT_EMIT_LOC_STRINGS = NO;
				SWIFT_VERSION = 5.0;
				TARGETED_DEVICE_FAMILY = "1,2";
				TEST_HOST = "$(BUILT_PRODUCTS_DIR)/CordinateSystem.app/CordinateSystem";
			};
			name = Debug;
		};
		6DD69E6127CE8D5100E42925 /* Release */ = {
			isa = XCBuildConfiguration;
			buildSettings = {
				ALWAYS_EMBED_SWIFT_STANDARD_LIBRARIES = YES;
				BUNDLE_LOADER = "$(TEST_HOST)";
				CODE_SIGN_STYLE = Automatic;
				CURRENT_PROJECT_VERSION = 1;
				GENERATE_INFOPLIST_FILE = YES;
				IPHONEOS_DEPLOYMENT_TARGET = 15.2;
				MARKETING_VERSION = 1.0;
				PRODUCT_BUNDLE_IDENTIFIER = nwmsu.CordinateSystemTests;
				PRODUCT_NAME = "$(TARGET_NAME)";
				SWIFT_EMIT_LOC_STRINGS = NO;
				SWIFT_VERSION = 5.0;
				TARGETED_DEVICE_FAMILY = "1,2";
				TEST_HOST = "$(BUILT_PRODUCTS_DIR)/CordinateSystem.app/CordinateSystem";
			};
			name = Release;
		};
		6DD69E6327CE8D5100E42925 /* Debug */ = {
			isa = XCBuildConfiguration;
			buildSettings = {
				ALWAYS_EMBED_SWIFT_STANDARD_LIBRARIES = YES;
				CODE_SIGN_STYLE = Automatic;
				CURRENT_PROJECT_VERSION = 1;
				GENERATE_INFOPLIST_FILE = YES;
				MARKETING_VERSION = 1.0;
				PRODUCT_BUNDLE_IDENTIFIER = nwmsu.CordinateSystemUITests;
				PRODUCT_NAME = "$(TARGET_NAME)";
				SWIFT_EMIT_LOC_STRINGS = NO;
				SWIFT_VERSION = 5.0;
				TARGETED_DEVICE_FAMILY = "1,2";
				TEST_TARGET_NAME = CordinateSystem;
			};
			name = Debug;
		};
		6DD69E6427CE8D5100E42925 /* Release */ = {
			isa = XCBuildConfiguration;
			buildSettings = {
				ALWAYS_EMBED_SWIFT_STANDARD_LIBRARIES = YES;
				CODE_SIGN_STYLE = Automatic;
				CURRENT_PROJECT_VERSION = 1;
				GENERATE_INFOPLIST_FILE = YES;
				MARKETING_VERSION = 1.0;
				PRODUCT_BUNDLE_IDENTIFIER = nwmsu.CordinateSystemUITests;
				PRODUCT_NAME = "$(TARGET_NAME)";
				SWIFT_EMIT_LOC_STRINGS = NO;
				SWIFT_VERSION = 5.0;
				TARGETED_DEVICE_FAMILY = "1,2";
				TEST_TARGET_NAME = CordinateSystem;
			};
			name = Release;
		};
/* End XCBuildConfiguration section */

/* Begin XCConfigurationList section */
		6DD69E2D27CE8D5000E42925 /* Build configuration list for PBXProject "CordinateSystem" */ = {
			isa = XCConfigurationList;
			buildConfigurations = (
				6DD69E5A27CE8D5100E42925 /* Debug */,
				6DD69E5B27CE8D5100E42925 /* Release */,
			);
			defaultConfigurationIsVisible = 0;
			defaultConfigurationName = Release;
		};
		6DD69E5C27CE8D5100E42925 /* Build configuration list for PBXNativeTarget "CordinateSystem" */ = {
			isa = XCConfigurationList;
			buildConfigurations = (
				6DD69E5D27CE8D5100E42925 /* Debug */,
				6DD69E5E27CE8D5100E42925 /* Release */,
			);
			defaultConfigurationIsVisible = 0;
			defaultConfigurationName = Release;
		};
		6DD69E5F27CE8D5100E42925 /* Build configuration list for PBXNativeTarget "CordinateSystemTests" */ = {
			isa = XCConfigurationList;
			buildConfigurations = (
				6DD69E6027CE8D5100E42925 /* Debug */,
				6DD69E6127CE8D5100E42925 /* Release */,
			);
			defaultConfigurationIsVisible = 0;
			defaultConfigurationName = Release;
		};
		6DD69E6227CE8D5100E42925 /* Build configuration list for PBXNativeTarget "CordinateSystemUITests" */ = {
			isa = XCConfigurationList;
			buildConfigurations = (
				6DD69E6327CE8D5100E42925 /* Debug */,
				6DD69E6427CE8D5100E42925 /* Release */,
			);
			defaultConfigurationIsVisible = 0;
			defaultConfigurationName = Release;
		};
/* End XCConfigurationList section */
	};
	rootObject = 6DD69E2A27CE8D5000E42925 /* Project object */;
}
